
Microsoft Visual Studio Solution File, Format Version 10.00
# Visual Studio 2008
Project("{8BC9CEB8-8B4A-11D0-8D11-00A0C91BC942}") = "KazKbHookCpp", "KazKbHookCpp.vcproj", "{7D66F8E9-0056-4B63-98BD-F65B8B37A275}"
EndProject
Project("{54435603-DBB4-11D2-8724-00A0C9A8B90C}") = "EthiopicTypewriterSetup", "..\installer\GeezKbSetup.vdproj", "{B771D35F-7389-4E76-B157-6D44809EE6B6}"
EndProject
Global
	GlobalSection(SolutionConfigurationPlatforms) = preSolution
		Debug|Win32 = Debug|Win32
		Release|Win32 = Release|Win32
	EndGlobalSection
	GlobalSection(ProjectConfigurationPlatforms) = postSolution
		{7D66F8E9-0056-4B63-98BD-F65B8B37A275}.Debug|Win32.ActiveCfg = Debug|Win32
		{7D66F8E9-0056-4B63-98BD-F65B8B37A275}.Debug|Win32.Build.0 = Debug|Win32
		{7D66F8E9-0056-4B63-98BD-F65B8B37A275}.Release|Win32.ActiveCfg = Debug|Win32
		{7D66F8E9-0056-4B63-98BD-F65B8B37A275}.Release|Win32.Build.0 = Debug|Win32
		{B771D35F-7389-4E76-B157-6D44809EE6B6}.Debug|Win32.ActiveCfg = Debug
		{B771D35F-7389-4E76-B157-6D44809EE6B6}.Debug|Win32.Build.0 = Debug
		{B771D35F-7389-4E76-B157-6D44809EE6B6}.Release|Win32.ActiveCfg = Release
		{B771D35F-7389-4E76-B157-6D44809EE6B6}.Release|Win32.Build.0 = Release
	EndGlobalSection
	GlobalSection(SolutionProperties) = preSolution
		HideSolutionNode = FALSE
	EndGlobalSection
EndGlobal
